
Microsoft Visual Studio Solution File, Format Version 12.00
# Visual Studio 14
VisualStudioVersion = 14.0.25420.1
MinimumVisualStudioVersion = 10.0.40219.1
Project("{FAE04EC0-301F-11D3-BF4B-00C04F79EFBC}") = "Adapter", "Adapter\Adapter\Adapter.csproj", "{663B371A-FF74-4096-A3EE-FA36246BD20F}"
EndProject
Project("{FAE04EC0-301F-11D3-BF4B-00C04F79EFBC}") = "AdapterUnitTest", "Adapter\AdapterUnitTest\AdapterUnitTest.csproj", "{856DC53E-AF26-4919-9E5E-123B7E544DD7}"
EndProject
Project("{FAE04EC0-301F-11D3-BF4B-00C04F79EFBC}") = "BridgeUnitTest", "Bridge\BridgeUnitTest\BridgeUnitTest.csproj", "{946E1454-0E7F-488A-A426-FDE881F01CC4}"
EndProject
Project("{FAE04EC0-301F-11D3-BF4B-00C04F79EFBC}") = "Bridge", "Bridge\Bridge\Bridge.csproj", "{269D5206-4A1B-42C1-8BFB-B48BCAADF798}"
EndProject
Project("{FAE04EC0-301F-11D3-BF4B-00C04F79EFBC}") = "Builder", "Builder\Builder\Builder.csproj", "{6DA9B9BF-D3CA-4375-B52A-4BEA042A0E7B}"
EndProject
Project("{FAE04EC0-301F-11D3-BF4B-00C04F79EFBC}") = "BuilderUnitTest", "Builder\BuilderUnitTest\BuilderUnitTest.csproj", "{5D609878-DE6A-40D8-827A-914D36C6E72A}"
EndProject
Project("{2150E333-8FDC-42A3-9474-1A3956D46DE8}") = "Solution Items", "Solution Items", "{1F4855AC-AD1C-449A-BD07-F8899C74A6C5}"
	ProjectSection(SolutionItems) = preProject
		readme.md = readme.md
	EndProjectSection
EndProject
Global
	GlobalSection(SolutionConfigurationPlatforms) = preSolution
		Debug|Any CPU = Debug|Any CPU
		Release|Any CPU = Release|Any CPU
	EndGlobalSection
	GlobalSection(ProjectConfigurationPlatforms) = postSolution
		{663B371A-FF74-4096-A3EE-FA36246BD20F}.Debug|Any CPU.ActiveCfg = Debug|Any CPU
		{663B371A-FF74-4096-A3EE-FA36246BD20F}.Debug|Any CPU.Build.0 = Debug|Any CPU
		{663B371A-FF74-4096-A3EE-FA36246BD20F}.Release|Any CPU.ActiveCfg = Release|Any CPU
		{663B371A-FF74-4096-A3EE-FA36246BD20F}.Release|Any CPU.Build.0 = Release|Any CPU
		{856DC53E-AF26-4919-9E5E-123B7E544DD7}.Debug|Any CPU.ActiveCfg = Debug|Any CPU
		{856DC53E-AF26-4919-9E5E-123B7E544DD7}.Debug|Any CPU.Build.0 = Debug|Any CPU
		{856DC53E-AF26-4919-9E5E-123B7E544DD7}.Release|Any CPU.ActiveCfg = Release|Any CPU
		{856DC53E-AF26-4919-9E5E-123B7E544DD7}.Release|Any CPU.Build.0 = Release|Any CPU
		{946E1454-0E7F-488A-A426-FDE881F01CC4}.Debug|Any CPU.ActiveCfg = Debug|Any CPU
		{946E1454-0E7F-488A-A426-FDE881F01CC4}.Debug|Any CPU.Build.0 = Debug|Any CPU
		{946E1454-0E7F-488A-A426-FDE881F01CC4}.Release|Any CPU.ActiveCfg = Release|Any CPU
		{946E1454-0E7F-488A-A426-FDE881F01CC4}.Release|Any CPU.Build.0 = Release|Any CPU
		{269D5206-4A1B-42C1-8BFB-B48BCAADF798}.Debug|Any CPU.ActiveCfg = Debug|Any CPU
		{269D5206-4A1B-42C1-8BFB-B48BCAADF798}.Debug|Any CPU.Build.0 = Debug|Any CPU
		{269D5206-4A1B-42C1-8BFB-B48BCAADF798}.Release|Any CPU.ActiveCfg = Release|Any CPU
		{269D5206-4A1B-42C1-8BFB-B48BCAADF798}.Release|Any CPU.Build.0 = Release|Any CPU
		{6DA9B9BF-D3CA-4375-B52A-4BEA042A0E7B}.Debug|Any CPU.ActiveCfg = Debug|Any CPU
		{6DA9B9BF-D3CA-4375-B52A-4BEA042A0E7B}.Debug|Any CPU.Build.0 = Debug|Any CPU
		{6DA9B9BF-D3CA-4375-B52A-4BEA042A0E7B}.Release|Any CPU.ActiveCfg = Release|Any CPU
		{6DA9B9BF-D3CA-4375-B52A-4BEA042A0E7B}.Release|Any CPU.Build.0 = Release|Any CPU
		{5D609878-DE6A-40D8-827A-914D36C6E72A}.Debug|Any CPU.ActiveCfg = Debug|Any CPU
		{5D609878-DE6A-40D8-827A-914D36C6E72A}.Debug|Any CPU.Build.0 = Debug|Any CPU
		{5D609878-DE6A-40D8-827A-914D36C6E72A}.Release|Any CPU.ActiveCfg = Release|Any CPU
		{5D609878-DE6A-40D8-827A-914D36C6E72A}.Release|Any CPU.Build.0 = Release|Any CPU
	EndGlobalSection
	GlobalSection(SolutionProperties) = preSolution
		HideSolutionNode = FALSE
	EndGlobalSection
EndGlobal
